// !$*UTF8*$!
{
	archiveVersion = 1;
	classes = {
	};
	objectVersion = 50;
	objects = {

/* Begin PBXBuildFile section */
		8E37A2F420CF7614001803F2 /* AppDelegate.swift in Sources */ = {isa = PBXBuildFile; fileRef = 8E37A2F320CF7614001803F2 /* AppDelegate.swift */; };
		8E37A2F620CF7614001803F2 /* ViewController.swift in Sources */ = {isa = PBXBuildFile; fileRef = 8E37A2F520CF7614001803F2 /* ViewController.swift */; };
		8E37A2F920CF7614001803F2 /* Main.storyboard in Resources */ = {isa = PBXBuildFile; fileRef = 8E37A2F720CF7614001803F2 /* Main.storyboard */; };
		8E37A2FB20CF7615001803F2 /* Assets.xcassets in Resources */ = {isa = PBXBuildFile; fileRef = 8E37A2FA20CF7615001803F2 /* Assets.xcassets */; };
		8E37A2FE20CF7615001803F2 /* LaunchScreen.storyboard in Resources */ = {isa = PBXBuildFile; fileRef = 8E37A2FC20CF7615001803F2 /* LaunchScreen.storyboard */; };
		8E37A30720CF7799001803F2 /* TabBarViewController.swift in Sources */ = {isa = PBXBuildFile; fileRef = 8E37A30620CF7799001803F2 /* TabBarViewController.swift */; };
		8E37A30920CF79C0001803F2 /* MusicView.swift in Sources */ = {isa = PBXBuildFile; fileRef = 8E37A30820CF79C0001803F2 /* MusicView.swift */; };
		8E37A30B20CFA455001803F2 /* UIView+Extension.swift in Sources */ = {isa = PBXBuildFile; fileRef = 8E37A30A20CFA455001803F2 /* UIView+Extension.swift */; };
		8E37A31520D0C63C001803F2 /* 赞赏码.JPG in Resources */ = {isa = PBXBuildFile; fileRef = 8E37A31420D0C63C001803F2 /* 赞赏码.JPG */; };
/* End PBXBuildFile section */

/* Begin PBXFileReference section */
		8E37A2F020CF7614001803F2 /* MicroMusicPanel.app */ = {isa = PBXFileReference; explicitFileType = wrapper.application; includeInIndex = 0; path = MicroMusicPanel.app; sourceTree = BUILT_PRODUCTS_DIR; };
		8E37A2F320CF7614001803F2 /* AppDelegate.swift */ = {isa = PBXFileReference; lastKnownFileType = sourcecode.swift; path = AppDelegate.swift; sourceTree = "<group>"; };
		8E37A2F520CF7614001803F2 /* ViewController.swift */ = {isa = PBXFileReference; lastKnownFileType = sourcecode.swift; path = ViewController.swift; sourceTree = "<group>"; };
		8E37A2F820CF7614001803F2 /* Base */ = {isa = PBXFileReference; lastKnownFileType = file.storyboard; name = Base; path = Base.lproj/Main.storyboard; sourceTree = "<group>"; };
		8E37A2FA20CF7615001803F2 /* Assets.xcassets */ = {isa = PBXFileReference; lastKnownFileType = folder.assetcatalog; path = Assets.xcassets; sourceTree = "<group>"; };
		8E37A2FD20CF7615001803F2 /* Base */ = {isa = PBXFileReference; lastKnownFileType = file.storyboard; name = Base; path = Base.lproj/LaunchScreen.storyboard; sourceTree = "<group>"; };
		8E37A2FF20CF7615001803F2 /* Info.plist */ = {isa = PBXFileReference; lastKnownFileType = text.plist.xml; path = Info.plist; sourceTree = "<group>"; };
		8E37A30620CF7799001803F2 /* TabBarViewController.swift */ = {isa = PBXFileReference; lastKnownFileType = sourcecode.swift; path = TabBarViewController.swift; sourceTree = "<group>"; };
		8E37A30820CF79C0001803F2 /* MusicView.swift */ = {isa = PBXFileReference; lastKnownFileType = sourcecode.swift; path = MusicView.swift; sourceTree = "<group>"; };
		8E37A30A20CFA455001803F2 /* UIView+Extension.swift */ = {isa = PBXFileReference; lastKnownFileType = sourcecode.swift; path = "UIView+Extension.swift"; sourceTree = "<group>"; };
		8E37A31420D0C63C001803F2 /* 赞赏码.JPG */ = {isa = PBXFileReference; lastKnownFileType = image.jpeg; path = "赞赏码.JPG"; sourceTree = "<group>"; };
/* End PBXFileReference section */

/* Begin PBXFrameworksBuildPhase section */
		8E37A2ED20CF7614001803F2 /* Frameworks */ = {
			isa = PBXFrameworksBuildPhase;
			buildActionMask = 2147483647;
			files = (
			);
			runOnlyForDeploymentPostprocessing = 0;
		};
/* End PBXFrameworksBuildPhase section */

/* Begin PBXGroup section */
		8E37A2E720CF7614001803F2 = {
			isa = PBXGroup;
			children = (
				8E37A2F220CF7614001803F2 /* MicroMusicPanel */,
				8E37A2F120CF7614001803F2 /* Products */,
			);
			sourceTree = "<group>";
		};
		8E37A2F120CF7614001803F2 /* Products */ = {
			isa = PBXGroup;
			children = (
				8E37A2F020CF7614001803F2 /* MicroMusicPanel.app */,
			);
			name = Products;
			sourceTree = "<group>";
		};
		8E37A2F220CF7614001803F2 /* MicroMusicPanel */ = {
			isa = PBXGroup;
			children = (
				8E37A31420D0C63C001803F2 /* 赞赏码.JPG */,
				8E37A30820CF79C0001803F2 /* MusicView.swift */,
				8E37A2F520CF7614001803F2 /* ViewController.swift */,
				8E37A30620CF7799001803F2 /* TabBarViewController.swift */,
				8E37A30520CF762C001803F2 /* Supporting */,
				8E37A2FF20CF7615001803F2 /* Info.plist */,
			);
			path = MicroMusicPanel;
			sourceTree = "<group>";
		};
		8E37A30520CF762C001803F2 /* Supporting */ = {
			isa = PBXGroup;
			children = (
				8E37A2F320CF7614001803F2 /* AppDelegate.swift */,
				8E37A2F720CF7614001803F2 /* Main.storyboard */,
				8E37A2FA20CF7615001803F2 /* Assets.xcassets */,
				8E37A2FC20CF7615001803F2 /* LaunchScreen.storyboard */,
				8E37A30A20CFA455001803F2 /* UIView+Extension.swift */,
			);
			path = Supporting;
			sourceTree = "<group>";
		};
/* End PBXGroup section */

/* Begin PBXNativeTarget section */
		8E37A2EF20CF7614001803F2 /* MicroMusicPanel */ = {
			isa = PBXNativeTarget;
			buildConfigurationList = 8E37A30220CF7615001803F2 /* Build configuration list for PBXNativeTarget "MicroMusicPanel" */;
			buildPhases = (
				8E37A2EC20CF7614001803F2 /* Sources */,
				8E37A2ED20CF7614001803F2 /* Frameworks */,
				8E37A2EE20CF7614001803F2 /* Resources */,
			);
			buildRules = (
			);
			dependencies = (
			);
			name = MicroMusicPanel;
			productName = MicroMusicPanel;
			productReference = 8E37A2F020CF7614001803F2 /* MicroMusicPanel.app */;
			productType = "com.apple.product-type.application";
		};
/* End PBXNativeTarget section */

/* Begin PBXProject section */
		8E37A2E820CF7614001803F2 /* Project object */ = {
			isa = PBXProject;
			attributes = {
				LastSwiftUpdateCheck = 0930;
				LastUpgradeCheck = 0930;
				ORGANIZATIONNAME = com.chard;
				TargetAttributes = {
					8E37A2EF20CF7614001803F2 = {
						CreatedOnToolsVersion = 9.3;
					};
				};
			};
			buildConfigurationList = 8E37A2EB20CF7614001803F2 /* Build configuration list for PBXProject "MicroMusicPanel" */;
			compatibilityVersion = "Xcode 9.3";
			developmentRegion = en;
			hasScannedForEncodings = 0;
			knownRegions = (
				en,
				Base,
			);
			mainGroup = 8E37A2E720CF7614001803F2;
			productRefGroup = 8E37A2F120CF7614001803F2 /* Products */;
			projectDirPath = "";
			projectRoot = "";
			targets = (
				8E37A2EF20CF7614001803F2 /* MicroMusicPanel */,
			);
		};
/* End PBXProject section */

/* Begin PBXResourcesBuildPhase section */
		8E37A2EE20CF7614001803F2 /* Resources */ = {
			isa = PBXResourcesBuildPhase;
			buildActionMask = 2147483647;
			files = (
				8E37A2FE20CF7615001803F2 /* LaunchScreen.storyboard in Resources */,
				8E37A2FB20CF7615001803F2 /* Assets.xcassets in Resources */,
				8E37A2F920CF7614001803F2 /* Main.storyboard in Resources */,
				8E37A31520D0C63C001803F2 /* 赞赏码.JPG in Resources */,
			);
			runOnlyForDeploymentPostprocessing = 0;
		};
/* End PBXResourcesBuildPhase section */

/* Begin PBXSourcesBuildPhase section */
		8E37A2EC20CF7614001803F2 /* Sources */ = {
			isa = PBXSourcesBuildPhase;
			buildActionMask = 2147483647;
			files = (
				8E37A30B20CFA455001803F2 /* UIView+Extension.swift in Sources */,
				8E37A2F620CF7614001803F2 /* ViewController.swift in Sources */,
				8E37A30720CF7799001803F2 /* TabBarViewController.swift in Sources */,
				8E37A30920CF79C0001803F2 /* MusicView.swift in Sources */,
				8E37A2F420CF7614001803F2 /* AppDelegate.swift in Sources */,
			);
			runOnlyForDeploymentPostprocessing = 0;
		};
/* End PBXSourcesBuildPhase section */

/* Begin PBXVariantGroup section */
		8E37A2F720CF7614001803F2 /* Main.storyboard */ = {
			isa = PBXVariantGroup;
			children = (
				8E37A2F820CF7614001803F2 /* Base */,
			);
			name = Main.storyboard;
			sourceTree = "<group>";
		};
		8E37A2FC20CF7615001803F2 /* LaunchScreen.storyboard */ = {
			isa = PBXVariantGroup;
			children = (
				8E37A2FD20CF7615001803F2 /* Base */,
			);
			name = LaunchScreen.storyboard;
			sourceTree = "<group>";
		};
/* End PBXVariantGroup section */

/* Begin XCBuildConfiguration section */
		8E37A30020CF7615001803F2 /* Debug */ = {
			isa = XCBuildConfiguration;
			buildSettings = {
				ALWAYS_SEARCH_USER_PATHS = NO;
				CLANG_ANALYZER_NONNULL = YES;
				CLANG_ANALYZER_NUMBER_OBJECT_CONVERSION = YES_AGGRESSIVE;
				CLANG_CXX_LANGUAGE_STANDARD = "gnu++14";
				CLANG_CXX_LIBRARY = "libc++";
				CLANG_ENABLE_MODULES = YES;
				CLANG_ENABLE_OBJC_ARC = YES;
				CLANG_ENABLE_OBJC_WEAK = YES;
				CLANG_WARN_BLOCK_CAPTURE_AUTORELEASING = YES;
				CLANG_WARN_BOOL_CONVERSION = YES;
				CLANG_WARN_COMMA = YES;
				CLANG_WARN_CONSTANT_CONVERSION = YES;
				CLANG_WARN_DEPRECATED_OBJC_IMPLEMENTATIONS = YES;
				CLANG_WARN_DIRECT_OBJC_ISA_USAGE = YES_ERROR;
				CLANG_WARN_DOCUMENTATION_COMMENTS = YES;
				CLANG_WARN_EMPTY_BODY = YES;
				CLANG_WARN_ENUM_CONVERSION = YES;
				CLANG_WARN_INFINITE_RECURSION = YES;
				CLANG_WARN_INT_CONVERSION = YES;
				CLANG_WARN_NON_LITERAL_NULL_CONVERSION = YES;
				CLANG_WARN_OBJC_IMPLICIT_RETAIN_SELF = YES;
				CLANG_WARN_OBJC_LITERAL_CONVERSION = YES;
				CLANG_WARN_OBJC_ROOT_CLASS = YES_ERROR;
				CLANG_WARN_RANGE_LOOP_ANALYSIS = YES;
				CLANG_WARN_STRICT_PROTOTYPES = YES;
				CLANG_WARN_SUSPICIOUS_MOVE = YES;
				CLANG_WARN_UNGUARDED_AVAILABILITY = YES_AGGRESSIVE;
				CLANG_WARN_UNREACHABLE_CODE = YES;
				CLANG_WARN__DUPLICATE_METHOD_MATCH = YES;
				CODE_SIGN_IDENTITY = "iPhone Developer";
				COPY_PHASE_STRIP = NO;
				DEBUG_INFORMATION_FORMAT = dwarf;
				ENABLE_STRICT_OBJC_MSGSEND = YES;
				ENABLE_TESTABILITY = YES;
				GCC_C_LANGUAGE_STANDARD = gnu11;
				GCC_DYNAMIC_NO_PIC = NO;
				GCC_NO_COMMON_BLOCKS = YES;
				GCC_OPTIMIZATION_LEVEL = 0;
				GCC_PREPROCESSOR_DEFINITIONS = (
					"DEBUG=1",
					"$(inherited)",
				);
				GCC_WARN_64_TO_32_BIT_CONVERSION = YES;
				GCC_WARN_ABOUT_RETURN_TYPE = YES_ERROR;
				GCC_WARN_UNDECLARED_SELECTOR = YES;
				GCC_WARN_UNINITIALIZED_AUTOS = YES_AGGRESSIVE;
				GCC_WARN_UNUSED_FUNCTION = YES;
				GCC_WARN_UNUSED_VARIABLE = YES;
				IPHONEOS_DEPLOYMENT_TARGET = 11.3;
				MTL_ENABLE_DEBUG_INFO = YES;
				ONLY_ACTIVE_ARCH = YES;
				SDKROOT = iphoneos;
				SWIFT_ACTIVE_COMPILATION_CONDITIONS = DEBUG;
				SWIFT_OPTIMIZATION_LEVEL = "-Onone";
			};
			name = Debug;
		};
		8E37A30120CF7615001803F2 /* Release */ = {
			isa = XCBuildConfiguration;
			buildSettings = {
				ALWAYS_SEARCH_USER_PATHS = NO;
				CLANG_ANALYZER_NONNULL = YES;
				CLANG_ANALYZER_NUMBER_OBJECT_CONVERSION = YES_AGGRESSIVE;
				CLANG_CXX_LANGUAGE_STANDARD = "gnu++14";
				CLANG_CXX_LIBRARY = "libc++";
				CLANG_ENABLE_MODULES = YES;
				CLANG_ENABLE_OBJC_ARC = YES;
				CLANG_ENABLE_OBJC_WEAK = YES;
				CLANG_WARN_BLOCK_CAPTURE_AUTORELEASING = YES;
				CLANG_WARN_BOOL_CONVERSION = YES;
				CLANG_WARN_COMMA = YES;
				CLANG_WARN_CONSTANT_CONVERSION = YES;
				CLANG_WARN_DEPRECATED_OBJC_IMPLEMENTATIONS = YES;
				CLANG_WARN_DIRECT_OBJC_ISA_USAGE = YES_ERROR;
				CLANG_WARN_DOCUMENTATION_COMMENTS = YES;
				CLANG_WARN_EMPTY_BODY = YES;
				CLANG_WARN_ENUM_CONVERSION = YES;
				CLANG_WARN_INFINITE_RECURSION = YES;
				CLANG_WARN_INT_CONVERSION = YES;
				CLANG_WARN_NON_LITERAL_NULL_CONVERSION = YES;
				CLANG_WARN_OBJC_IMPLICIT_RETAIN_SELF = YES;
				CLANG_WARN_OBJC_LITERAL_CONVERSION = YES;
				CLANG_WARN_OBJC_ROOT_CLASS = YES_ERROR;
				CLANG_WARN_RANGE_LOOP_ANALYSIS = YES;
				CLANG_WARN_STRICT_PROTOTYPES = YES;
				CLANG_WARN_SUSPICIOUS_MOVE = YES;
				CLANG_WARN_UNGUARDED_AVAILABILITY = YES_AGGRESSIVE;
				CLANG_WARN_UNREACHABLE_CODE = YES;
				CLANG_WARN__DUPLICATE_METHOD_MATCH = YES;
				CODE_SIGN_IDENTITY = "iPhone Developer";
				COPY_PHASE_STRIP = NO;
				DEBUG_INFORMATION_FORMAT = "dwarf-with-dsym";
				ENABLE_NS_ASSERTIONS = NO;
				ENABLE_STRICT_OBJC_MSGSEND = YES;
				GCC_C_LANGUAGE_STANDARD = gnu11;
				GCC_NO_COMMON_BLOCKS = YES;
				GCC_WARN_64_TO_32_BIT_CONVERSION = YES;
				GCC_WARN_ABOUT_RETURN_TYPE = YES_ERROR;
				GCC_WARN_UNDECLARED_SELECTOR = YES;
				GCC_WARN_UNINITIALIZED_AUTOS = YES_AGGRESSIVE;
				GCC_WARN_UNUSED_FUNCTION = YES;
				GCC_WARN_UNUSED_VARIABLE = YES;
				IPHONEOS_DEPLOYMENT_TARGET = 11.3;
				MTL_ENABLE_DEBUG_INFO = NO;
				SDKROOT = iphoneos;
				SWIFT_COMPILATION_MODE = wholemodule;
				SWIFT_OPTIMIZATION_LEVEL = "-O";
				VALIDATE_PRODUCT = YES;
			};
			name = Release;
		};
		8E37A30320CF7615001803F2 /* Debug */ = {
			isa = XCBuildConfiguration;
			buildSettings = {
				ASSETCATALOG_COMPILER_APPICON_NAME = AppIcon;
				CODE_SIGN_STYLE = Manual;
				DEVELOPMENT_TEAM = "";
				INFOPLIST_FILE = MicroMusicPanel/Info.plist;
				IPHONEOS_DEPLOYMENT_TARGET = 9.0;
				LD_RUNPATH_SEARCH_PATHS = (
					"$(inherited)",
					"@executable_path/Frameworks",
				);
				PRODUCT_BUNDLE_IDENTIFIER = com.chard.MicroMusicPanel;
				PRODUCT_NAME = "$(TARGET_NAME)";
				PROVISIONING_PROFILE_SPECIFIER = "";
				SWIFT_VERSION = 4.0;
				TARGETED_DEVICE_FAMILY = "1,2";
			};
			name = Debug;
		};
		8E37A30420CF7615001803F2 /* Release */ = {
			isa = XCBuildConfiguration;
			buildSettings = {
				ASSETCATALOG_COMPILER_APPICON_NAME = AppIcon;
				CODE_SIGN_STYLE = Manual;
				DEVELOPMENT_TEAM = "";
				INFOPLIST_FILE = MicroMusicPanel/Info.plist;
				IPHONEOS_DEPLOYMENT_TARGET = 9.0;
				LD_RUNPATH_SEARCH_PATHS = (
					"$(inherited)",
					"@executable_path/Frameworks",
				);
				PRODUCT_BUNDLE_IDENTIFIER = com.chard.MicroMusicPanel;
				PRODUCT_NAME = "$(TARGET_NAME)";
				PROVISIONING_PROFILE_SPECIFIER = "";
				SWIFT_VERSION = 4.0;
				TARGETED_DEVICE_FAMILY = "1,2";
			};
			name = Release;
		};
/* End XCBuildConfiguration section */

/* Begin XCConfigurationList section */
		8E37A2EB20CF7614001803F2 /* Build configuration list for PBXProject "MicroMusicPanel" */ = {
			isa = XCConfigurationList;
			buildConfigurations = (
				8E37A30020CF7615001803F2 /* Debug */,
				8E37A30120CF7615001803F2 /* Release */,
			);
			defaultConfigurationIsVisible = 0;
			defaultConfigurationName = Release;
		};
		8E37A30220CF7615001803F2 /* Build configuration list for PBXNativeTarget "MicroMusicPanel" */ = {
			isa = XCConfigurationList;
			buildConfigurations = (
				8E37A30320CF7615001803F2 /* Debug */,
				8E37A30420CF7615001803F2 /* Release */,
			);
			defaultConfigurationIsVisible = 0;
			defaultConfigurationName = Release;
		};
/* End XCConfigurationList section */
	};
	rootObject = 8E37A2E820CF7614001803F2 /* Project object */;
}
